
Microsoft Visual Studio Solution File, Format Version 12.00
# Visual Studio Version 16
VisualStudioVersion = 16.0.31019.35
MinimumVisualStudioVersion = 10.0.40219.1
Project("{9A19103F-16F7-4668-BE54-9A1E7A4F7556}") = "AplicacaoBackend", "AplicacaoBackend\AplicacaoBackend.csproj", "{2FF994CF-6B57-440B-81D3-8F2ADC7E797F}"
EndProject
Project("{9A19103F-16F7-4668-BE54-9A1E7A4F7556}") = "DataAccess", "DataAccess\DataAccess.csproj", "{D00A8250-94D3-40AB-B6E9-84A22D695711}"
EndProject
Project("{E53339B2-1760-4266-BCC7-CA923CBCF16C}") = "docker-compose", "docker-compose.dcproj", "{A38AE58D-0979-49DE-BF15-F4174EA9CFE4}"
EndProject
Global
	GlobalSection(SolutionConfigurationPlatforms) = preSolution
		Debug|Any CPU = Debug|Any CPU
		Release|Any CPU = Release|Any CPU
	EndGlobalSection
	GlobalSection(ProjectConfigurationPlatforms) = postSolution
		{2FF994CF-6B57-440B-81D3-8F2ADC7E797F}.Debug|Any CPU.ActiveCfg = Debug|Any CPU
		{2FF994CF-6B57-440B-81D3-8F2ADC7E797F}.Debug|Any CPU.Build.0 = Debug|Any CPU
		{2FF994CF-6B57-440B-81D3-8F2ADC7E797F}.Release|Any CPU.ActiveCfg = Release|Any CPU
		{2FF994CF-6B57-440B-81D3-8F2ADC7E797F}.Release|Any CPU.Build.0 = Release|Any CPU
		{D00A8250-94D3-40AB-B6E9-84A22D695711}.Debug|Any CPU.ActiveCfg = Debug|Any CPU
		{D00A8250-94D3-40AB-B6E9-84A22D695711}.Debug|Any CPU.Build.0 = Debug|Any CPU
		{D00A8250-94D3-40AB-B6E9-84A22D695711}.Release|Any CPU.ActiveCfg = Release|Any CPU
		{D00A8250-94D3-40AB-B6E9-84A22D695711}.Release|Any CPU.Build.0 = Release|Any CPU
		{A38AE58D-0979-49DE-BF15-F4174EA9CFE4}.Debug|Any CPU.ActiveCfg = Debug|Any CPU
		{A38AE58D-0979-49DE-BF15-F4174EA9CFE4}.Debug|Any CPU.Build.0 = Debug|Any CPU
		{A38AE58D-0979-49DE-BF15-F4174EA9CFE4}.Release|Any CPU.ActiveCfg = Release|Any CPU
		{A38AE58D-0979-49DE-BF15-F4174EA9CFE4}.Release|Any CPU.Build.0 = Release|Any CPU
	EndGlobalSection
	GlobalSection(SolutionProperties) = preSolution
		HideSolutionNode = FALSE
	EndGlobalSection
	GlobalSection(ExtensibilityGlobals) = postSolution
		SolutionGuid = {3809F242-EC8A-45F1-98A5-E56944DC7D66}
	EndGlobalSection
EndGlobal
